// !$*UTF8*$!
{
	archiveVersion = 1;
	classes = {
	};
	objectVersion = 46;
	objects = {

/* Begin PBXBuildFile section */
		826B88D91D656030005D67AB /* XLAlbumPickerViewController.swift in Sources */ = {isa = PBXBuildFile; fileRef = 826B88D81D656030005D67AB /* XLAlbumPickerViewController.swift */; };
		826B88DB1D656192005D67AB /* XLAlbumPickerViewController.xib in Resources */ = {isa = PBXBuildFile; fileRef = 826B88DA1D656192005D67AB /* XLAlbumPickerViewController.xib */; };
		826B88DE1D65645A005D67AB /* XLAlbumPickerCell.swift in Sources */ = {isa = PBXBuildFile; fileRef = 826B88DC1D65645A005D67AB /* XLAlbumPickerCell.swift */; };
		826B88DF1D65645A005D67AB /* XLAlbumPickerCell.xib in Resources */ = {isa = PBXBuildFile; fileRef = 826B88DD1D65645A005D67AB /* XLAlbumPickerCell.xib */; };
		8281982F1D508B1500D42A00 /* AppDelegate.swift in Sources */ = {isa = PBXBuildFile; fileRef = 8281982E1D508B1500D42A00 /* AppDelegate.swift */; };
		828198311D508B1500D42A00 /* ViewController.swift in Sources */ = {isa = PBXBuildFile; fileRef = 828198301D508B1500D42A00 /* ViewController.swift */; };
		828198341D508B1500D42A00 /* Main.storyboard in Resources */ = {isa = PBXBuildFile; fileRef = 828198321D508B1500D42A00 /* Main.storyboard */; };
		828198361D508B1500D42A00 /* Assets.xcassets in Resources */ = {isa = PBXBuildFile; fileRef = 828198351D508B1500D42A00 /* Assets.xcassets */; };
		828198391D508B1500D42A00 /* LaunchScreen.storyboard in Resources */ = {isa = PBXBuildFile; fileRef = 828198371D508B1500D42A00 /* LaunchScreen.storyboard */; };
		828198451D508BC400D42A00 /* XLImageViewController.swift in Sources */ = {isa = PBXBuildFile; fileRef = 828198431D508BC400D42A00 /* XLImageViewController.swift */; };
		828198461D508BC400D42A00 /* XLImageViewController.xib in Resources */ = {isa = PBXBuildFile; fileRef = 828198441D508BC400D42A00 /* XLImageViewController.xib */; };
		828198481D508DD300D42A00 /* Assets.xcassets in Resources */ = {isa = PBXBuildFile; fileRef = 828198471D508DD300D42A00 /* Assets.xcassets */; };
		8281984A1D5093F600D42A00 /* XLAlbumView.swift in Sources */ = {isa = PBXBuildFile; fileRef = 828198491D5093F600D42A00 /* XLAlbumView.swift */; };
		8281984C1D50941F00D42A00 /* XLAlbumView.xib in Resources */ = {isa = PBXBuildFile; fileRef = 8281984B1D50941F00D42A00 /* XLAlbumView.xib */; };
		8281984E1D50963A00D42A00 /* XLImageBrowerView.swift in Sources */ = {isa = PBXBuildFile; fileRef = 8281984D1D50963A00D42A00 /* XLImageBrowerView.swift */; };
		828198511D50A77B00D42A00 /* XLAlbumViewCell.swift in Sources */ = {isa = PBXBuildFile; fileRef = 8281984F1D50A77B00D42A00 /* XLAlbumViewCell.swift */; };
		828198521D50A77B00D42A00 /* XLAlbumViewCell.xib in Resources */ = {isa = PBXBuildFile; fileRef = 828198501D50A77B00D42A00 /* XLAlbumViewCell.xib */; };
/* End PBXBuildFile section */

/* Begin PBXFileReference section */
		826B88D81D656030005D67AB /* XLAlbumPickerViewController.swift */ = {isa = PBXFileReference; fileEncoding = 4; lastKnownFileType = sourcecode.swift; path = XLAlbumPickerViewController.swift; sourceTree = "<group>"; };
		826B88DA1D656192005D67AB /* XLAlbumPickerViewController.xib */ = {isa = PBXFileReference; fileEncoding = 4; lastKnownFileType = file.xib; path = XLAlbumPickerViewController.xib; sourceTree = "<group>"; };
		826B88DC1D65645A005D67AB /* XLAlbumPickerCell.swift */ = {isa = PBXFileReference; fileEncoding = 4; lastKnownFileType = sourcecode.swift; path = XLAlbumPickerCell.swift; sourceTree = "<group>"; };
		826B88DD1D65645A005D67AB /* XLAlbumPickerCell.xib */ = {isa = PBXFileReference; fileEncoding = 4; lastKnownFileType = file.xib; path = XLAlbumPickerCell.xib; sourceTree = "<group>"; };
		8281982B1D508B1500D42A00 /* XLImagePickerController.app */ = {isa = PBXFileReference; explicitFileType = wrapper.application; includeInIndex = 0; path = XLImagePickerController.app; sourceTree = BUILT_PRODUCTS_DIR; };
		8281982E1D508B1500D42A00 /* AppDelegate.swift */ = {isa = PBXFileReference; lastKnownFileType = sourcecode.swift; path = AppDelegate.swift; sourceTree = "<group>"; };
		828198301D508B1500D42A00 /* ViewController.swift */ = {isa = PBXFileReference; lastKnownFileType = sourcecode.swift; path = ViewController.swift; sourceTree = "<group>"; };
		828198331D508B1500D42A00 /* Base */ = {isa = PBXFileReference; lastKnownFileType = file.storyboard; name = Base; path = Base.lproj/Main.storyboard; sourceTree = "<group>"; };
		828198351D508B1500D42A00 /* Assets.xcassets */ = {isa = PBXFileReference; lastKnownFileType = folder.assetcatalog; path = Assets.xcassets; sourceTree = "<group>"; };
		828198381D508B1500D42A00 /* Base */ = {isa = PBXFileReference; lastKnownFileType = file.storyboard; name = Base; path = Base.lproj/LaunchScreen.storyboard; sourceTree = "<group>"; };
		8281983A1D508B1500D42A00 /* Info.plist */ = {isa = PBXFileReference; lastKnownFileType = text.plist.xml; path = Info.plist; sourceTree = "<group>"; };
		828198431D508BC400D42A00 /* XLImageViewController.swift */ = {isa = PBXFileReference; fileEncoding = 4; lastKnownFileType = sourcecode.swift; path = XLImageViewController.swift; sourceTree = "<group>"; };
		828198441D508BC400D42A00 /* XLImageViewController.xib */ = {isa = PBXFileReference; fileEncoding = 4; lastKnownFileType = file.xib; path = XLImageViewController.xib; sourceTree = "<group>"; };
		828198471D508DD300D42A00 /* Assets.xcassets */ = {isa = PBXFileReference; lastKnownFileType = folder.assetcatalog; path = Assets.xcassets; sourceTree = "<group>"; };
		828198491D5093F600D42A00 /* XLAlbumView.swift */ = {isa = PBXFileReference; fileEncoding = 4; lastKnownFileType = sourcecode.swift; path = XLAlbumView.swift; sourceTree = "<group>"; };
		8281984B1D50941F00D42A00 /* XLAlbumView.xib */ = {isa = PBXFileReference; fileEncoding = 4; lastKnownFileType = file.xib; path = XLAlbumView.xib; sourceTree = "<group>"; };
		8281984D1D50963A00D42A00 /* XLImageBrowerView.swift */ = {isa = PBXFileReference; fileEncoding = 4; lastKnownFileType = sourcecode.swift; path = XLImageBrowerView.swift; sourceTree = "<group>"; };
		8281984F1D50A77B00D42A00 /* XLAlbumViewCell.swift */ = {isa = PBXFileReference; fileEncoding = 4; lastKnownFileType = sourcecode.swift; path = XLAlbumViewCell.swift; sourceTree = "<group>"; };
		828198501D50A77B00D42A00 /* XLAlbumViewCell.xib */ = {isa = PBXFileReference; fileEncoding = 4; lastKnownFileType = file.xib; path = XLAlbumViewCell.xib; sourceTree = "<group>"; };
/* End PBXFileReference section */

/* Begin PBXFrameworksBuildPhase section */
		828198281D508B1500D42A00 /* Frameworks */ = {
			isa = PBXFrameworksBuildPhase;
			buildActionMask = 2147483647;
			files = (
			);
			runOnlyForDeploymentPostprocessing = 0;
		};
/* End PBXFrameworksBuildPhase section */

/* Begin PBXGroup section */
		828198221D508B1500D42A00 = {
			isa = PBXGroup;
			children = (
				8281982D1D508B1500D42A00 /* XLImagePickerController */,
				8281982C1D508B1500D42A00 /* Products */,
			);
			sourceTree = "<group>";
		};
		8281982C1D508B1500D42A00 /* Products */ = {
			isa = PBXGroup;
			children = (
				8281982B1D508B1500D42A00 /* XLImagePickerController.app */,
			);
			name = Products;
			sourceTree = "<group>";
		};
		8281982D1D508B1500D42A00 /* XLImagePickerController */ = {
			isa = PBXGroup;
			children = (
				8281982E1D508B1500D42A00 /* AppDelegate.swift */,
				828198301D508B1500D42A00 /* ViewController.swift */,
				828198401D508B7800D42A00 /* XLImagePicker */,
				828198321D508B1500D42A00 /* Main.storyboard */,
				828198351D508B1500D42A00 /* Assets.xcassets */,
				828198371D508B1500D42A00 /* LaunchScreen.storyboard */,
				8281983A1D508B1500D42A00 /* Info.plist */,
			);
			path = XLImagePickerController;
			sourceTree = "<group>";
		};
		828198401D508B7800D42A00 /* XLImagePicker */ = {
			isa = PBXGroup;
			children = (
				828198431D508BC400D42A00 /* XLImageViewController.swift */,
				826B88D81D656030005D67AB /* XLAlbumPickerViewController.swift */,
				826B88DA1D656192005D67AB /* XLAlbumPickerViewController.xib */,
				826B88DC1D65645A005D67AB /* XLAlbumPickerCell.swift */,
				826B88DD1D65645A005D67AB /* XLAlbumPickerCell.xib */,
				828198441D508BC400D42A00 /* XLImageViewController.xib */,
				8281984D1D50963A00D42A00 /* XLImageBrowerView.swift */,
				828198491D5093F600D42A00 /* XLAlbumView.swift */,
				8281984B1D50941F00D42A00 /* XLAlbumView.xib */,
				8281984F1D50A77B00D42A00 /* XLAlbumViewCell.swift */,
				828198501D50A77B00D42A00 /* XLAlbumViewCell.xib */,
				828198471D508DD300D42A00 /* Assets.xcassets */,
			);
			path = XLImagePicker;
			sourceTree = "<group>";
		};
/* End PBXGroup section */

/* Begin PBXNativeTarget section */
		8281982A1D508B1500D42A00 /* XLImagePickerController */ = {
			isa = PBXNativeTarget;
			buildConfigurationList = 8281983D1D508B1500D42A00 /* Build configuration list for PBXNativeTarget "XLImagePickerController" */;
			buildPhases = (
				828198271D508B1500D42A00 /* Sources */,
				828198281D508B1500D42A00 /* Frameworks */,
				828198291D508B1500D42A00 /* Resources */,
			);
			buildRules = (
			);
			dependencies = (
			);
			name = XLImagePickerController;
			productName = XLImagePickerController;
			productReference = 8281982B1D508B1500D42A00 /* XLImagePickerController.app */;
			productType = "com.apple.product-type.application";
		};
/* End PBXNativeTarget section */

/* Begin PBXProject section */
		828198231D508B1500D42A00 /* Project object */ = {
			isa = PBXProject;
			attributes = {
				LastSwiftUpdateCheck = 0730;
				LastUpgradeCheck = 0730;
				ORGANIZATIONNAME = shifengming;
				TargetAttributes = {
					8281982A1D508B1500D42A00 = {
						CreatedOnToolsVersion = 7.3.1;
						DevelopmentTeam = 82M2GQ48Y5;
					};
				};
			};
			buildConfigurationList = 828198261D508B1500D42A00 /* Build configuration list for PBXProject "XLImagePickerController" */;
			compatibilityVersion = "Xcode 3.2";
			developmentRegion = English;
			hasScannedForEncodings = 0;
			knownRegions = (
				en,
				Base,
			);
			mainGroup = 828198221D508B1500D42A00;
			productRefGroup = 8281982C1D508B1500D42A00 /* Products */;
			projectDirPath = "";
			projectRoot = "";
			targets = (
				8281982A1D508B1500D42A00 /* XLImagePickerController */,
			);
		};
/* End PBXProject section */

/* Begin PBXResourcesBuildPhase section */
		828198291D508B1500D42A00 /* Resources */ = {
			isa = PBXResourcesBuildPhase;
			buildActionMask = 2147483647;
			files = (
				8281984C1D50941F00D42A00 /* XLAlbumView.xib in Resources */,
				828198461D508BC400D42A00 /* XLImageViewController.xib in Resources */,
				826B88DB1D656192005D67AB /* XLAlbumPickerViewController.xib in Resources */,
				828198391D508B1500D42A00 /* LaunchScreen.storyboard in Resources */,
				828198361D508B1500D42A00 /* Assets.xcassets in Resources */,
				828198521D50A77B00D42A00 /* XLAlbumViewCell.xib in Resources */,
				828198341D508B1500D42A00 /* Main.storyboard in Resources */,
				828198481D508DD300D42A00 /* Assets.xcassets in Resources */,
				826B88DF1D65645A005D67AB /* XLAlbumPickerCell.xib in Resources */,
			);
			runOnlyForDeploymentPostprocessing = 0;
		};
/* End PBXResourcesBuildPhase section */

/* Begin PBXSourcesBuildPhase section */
		828198271D508B1500D42A00 /* Sources */ = {
			isa = PBXSourcesBuildPhase;
			buildActionMask = 2147483647;
			files = (
				826B88D91D656030005D67AB /* XLAlbumPickerViewController.swift in Sources */,
				8281984E1D50963A00D42A00 /* XLImageBrowerView.swift in Sources */,
				8281984A1D5093F600D42A00 /* XLAlbumView.swift in Sources */,
				828198451D508BC400D42A00 /* XLImageViewController.swift in Sources */,
				828198311D508B1500D42A00 /* ViewController.swift in Sources */,
				826B88DE1D65645A005D67AB /* XLAlbumPickerCell.swift in Sources */,
				828198511D50A77B00D42A00 /* XLAlbumViewCell.swift in Sources */,
				8281982F1D508B1500D42A00 /* AppDelegate.swift in Sources */,
			);
			runOnlyForDeploymentPostprocessing = 0;
		};
/* End PBXSourcesBuildPhase section */

/* Begin PBXVariantGroup section */
		828198321D508B1500D42A00 /* Main.storyboard */ = {
			isa = PBXVariantGroup;
			children = (
				828198331D508B1500D42A00 /* Base */,
			);
			name = Main.storyboard;
			sourceTree = "<group>";
		};
		828198371D508B1500D42A00 /* LaunchScreen.storyboard */ = {
			isa = PBXVariantGroup;
			children = (
				828198381D508B1500D42A00 /* Base */,
			);
			name = LaunchScreen.storyboard;
			sourceTree = "<group>";
		};
/* End PBXVariantGroup section */

/* Begin XCBuildConfiguration section */
		8281983B1D508B1500D42A00 /* Debug */ = {
			isa = XCBuildConfiguration;
			buildSettings = {
				ALWAYS_SEARCH_USER_PATHS = NO;
				CLANG_ANALYZER_NONNULL = YES;
				CLANG_CXX_LANGUAGE_STANDARD = "gnu++0x";
				CLANG_CXX_LIBRARY = "libc++";
				CLANG_ENABLE_MODULES = YES;
				CLANG_ENABLE_OBJC_ARC = YES;
				CLANG_WARN_BOOL_CONVERSION = YES;
				CLANG_WARN_CONSTANT_CONVERSION = YES;
				CLANG_WARN_DIRECT_OBJC_ISA_USAGE = YES_ERROR;
				CLANG_WARN_EMPTY_BODY = YES;
				CLANG_WARN_ENUM_CONVERSION = YES;
				CLANG_WARN_INT_CONVERSION = YES;
				CLANG_WARN_OBJC_ROOT_CLASS = YES_ERROR;
				CLANG_WARN_UNREACHABLE_CODE = YES;
				CLANG_WARN__DUPLICATE_METHOD_MATCH = YES;
				"CODE_SIGN_IDENTITY[sdk=iphoneos*]" = "iPhone Developer";
				COPY_PHASE_STRIP = NO;
				DEBUG_INFORMATION_FORMAT = dwarf;
				ENABLE_STRICT_OBJC_MSGSEND = YES;
				ENABLE_TESTABILITY = YES;
				GCC_C_LANGUAGE_STANDARD = gnu99;
				GCC_DYNAMIC_NO_PIC = NO;
				GCC_NO_COMMON_BLOCKS = YES;
				GCC_OPTIMIZATION_LEVEL = 0;
				GCC_PREPROCESSOR_DEFINITIONS = (
					"DEBUG=1",
					"$(inherited)",
				);
				GCC_WARN_64_TO_32_BIT_CONVERSION = YES;
				GCC_WARN_ABOUT_RETURN_TYPE = YES_ERROR;
				GCC_WARN_UNDECLARED_SELECTOR = YES;
				GCC_WARN_UNINITIALIZED_AUTOS = YES_AGGRESSIVE;
				GCC_WARN_UNUSED_FUNCTION = YES;
				GCC_WARN_UNUSED_VARIABLE = YES;
				IPHONEOS_DEPLOYMENT_TARGET = 9.3;
				MTL_ENABLE_DEBUG_INFO = YES;
				ONLY_ACTIVE_ARCH = YES;
				SDKROOT = iphoneos;
				SWIFT_OPTIMIZATION_LEVEL = "-Onone";
			};
			name = Debug;
		};
		8281983C1D508B1500D42A00 /* Release */ = {
			isa = XCBuildConfiguration;
			buildSettings = {
				ALWAYS_SEARCH_USER_PATHS = NO;
				CLANG_ANALYZER_NONNULL = YES;
				CLANG_CXX_LANGUAGE_STANDARD = "gnu++0x";
				CLANG_CXX_LIBRARY = "libc++";
				CLANG_ENABLE_MODULES = YES;
				CLANG_ENABLE_OBJC_ARC = YES;
				CLANG_WARN_BOOL_CONVERSION = YES;
				CLANG_WARN_CONSTANT_CONVERSION = YES;
				CLANG_WARN_DIRECT_OBJC_ISA_USAGE = YES_ERROR;
				CLANG_WARN_EMPTY_BODY = YES;
				CLANG_WARN_ENUM_CONVERSION = YES;
				CLANG_WARN_INT_CONVERSION = YES;
				CLANG_WARN_OBJC_ROOT_CLASS = YES_ERROR;
				CLANG_WARN_UNREACHABLE_CODE = YES;
				CLANG_WARN__DUPLICATE_METHOD_MATCH = YES;
				"CODE_SIGN_IDENTITY[sdk=iphoneos*]" = "iPhone Developer";
				COPY_PHASE_STRIP = NO;
				DEBUG_INFORMATION_FORMAT = "dwarf-with-dsym";
				ENABLE_NS_ASSERTIONS = NO;
				ENABLE_STRICT_OBJC_MSGSEND = YES;
				GCC_C_LANGUAGE_STANDARD = gnu99;
				GCC_NO_COMMON_BLOCKS = YES;
				GCC_WARN_64_TO_32_BIT_CONVERSION = YES;
				GCC_WARN_ABOUT_RETURN_TYPE = YES_ERROR;
				GCC_WARN_UNDECLARED_SELECTOR = YES;
				GCC_WARN_UNINITIALIZED_AUTOS = YES_AGGRESSIVE;
				GCC_WARN_UNUSED_FUNCTION = YES;
				GCC_WARN_UNUSED_VARIABLE = YES;
				IPHONEOS_DEPLOYMENT_TARGET = 9.3;
				MTL_ENABLE_DEBUG_INFO = NO;
				SDKROOT = iphoneos;
				VALIDATE_PRODUCT = YES;
			};
			name = Release;
		};
		8281983E1D508B1500D42A00 /* Debug */ = {
			isa = XCBuildConfiguration;
			buildSettings = {
				ASSETCATALOG_COMPILER_APPICON_NAME = AppIcon;
				CODE_SIGN_IDENTITY = "iPhone Developer";
				"CODE_SIGN_IDENTITY[sdk=iphoneos*]" = "iPhone Developer";
				INFOPLIST_FILE = XLImagePickerController/Info.plist;
				LD_RUNPATH_SEARCH_PATHS = "$(inherited) @executable_path/Frameworks";
				PRODUCT_BUNDLE_IDENTIFIER = sfmDev.XLImagePickerController;
				PRODUCT_NAME = "$(TARGET_NAME)";
				PROVISIONING_PROFILE = "";
			};
			name = Debug;
		};
		8281983F1D508B1500D42A00 /* Release */ = {
			isa = XCBuildConfiguration;
			buildSettings = {
				ASSETCATALOG_COMPILER_APPICON_NAME = AppIcon;
				CODE_SIGN_IDENTITY = "iPhone Developer";
				"CODE_SIGN_IDENTITY[sdk=iphoneos*]" = "iPhone Developer";
				INFOPLIST_FILE = XLImagePickerController/Info.plist;
				LD_RUNPATH_SEARCH_PATHS = "$(inherited) @executable_path/Frameworks";
				PRODUCT_BUNDLE_IDENTIFIER = sfmDev.XLImagePickerController;
				PRODUCT_NAME = "$(TARGET_NAME)";
				PROVISIONING_PROFILE = "";
			};
			name = Release;
		};
/* End XCBuildConfiguration section */

/* Begin XCConfigurationList section */
		828198261D508B1500D42A00 /* Build configuration list for PBXProject "XLImagePickerController" */ = {
			isa = XCConfigurationList;
			buildConfigurations = (
				8281983B1D508B1500D42A00 /* Debug */,
				8281983C1D508B1500D42A00 /* Release */,
			);
			defaultConfigurationIsVisible = 0;
			defaultConfigurationName = Release;
		};
		8281983D1D508B1500D42A00 /* Build configuration list for PBXNativeTarget "XLImagePickerController" */ = {
			isa = XCConfigurationList;
			buildConfigurations = (
				8281983E1D508B1500D42A00 /* Debug */,
				8281983F1D508B1500D42A00 /* Release */,
			);
			defaultConfigurationIsVisible = 0;
			defaultConfigurationName = Release;
		};
/* End XCConfigurationList section */
	};
	rootObject = 828198231D508B1500D42A00 /* Project object */;
}
